Microsoft Visual Studio Solution File, Format Version 12.00
# Visual Studio Version 17
VisualStudioVersion = 17.5.2.0
MinimumVisualStudioVersion = 10.0.40219.1
Project("{FAE04EC0-301F-11D3-BF4B-00C04F79EFBC}") = "IAB-251-Assessment2", "IAB-251-Assessment2.csproj", "{AB4A3B7E-C96E-3A1B-21DB-138848ECF91B}"
EndProject
Global
	GlobalSection(SolutionConfigurationPlatforms) = preSolution
		Debug|Any CPU = Debug|Any CPU
		Release|Any CPU = Release|Any CPU
	EndGlobalSection
	GlobalSection(ProjectConfigurationPlatforms) = postSolution
		{AB4A3B7E-C96E-3A1B-21DB-138848ECF91B}.Debug|Any CPU.ActiveCfg = Debug|Any CPU
		{AB4A3B7E-C96E-3A1B-21DB-138848ECF91B}.Debug|Any CPU.Build.0 = Debug|Any CPU
		{AB4A3B7E-C96E-3A1B-21DB-138848ECF91B}.Release|Any CPU.ActiveCfg = Release|Any CPU
		{AB4A3B7E-C96E-3A1B-21DB-138848ECF91B}.Release|Any CPU.Build.0 = Release|Any CPU
	EndGlobalSection
	GlobalSection(SolutionProperties) = preSolution
		HideSolutionNode = FALSE
	EndGlobalSection
	GlobalSection(ExtensibilityGlobals) = postSolution
		SolutionGuid = {949F4EC5-4B2F-4400-BB8A-F33C9500230F}
	EndGlobalSection
EndGlobal
